Microsoft Visual Studio Solution File, Format Version 12.00
# Visual Studio Version 16
VisualStudioVersion = 16.0.29123.88
MinimumVisualStudioVersion = 10.0.40219.1
Project("{9A19103F-16F7-4668-BE54-9A1E7A4F7556}") = "LearningDesignPatterns", "LearningDesignPatterns\LearningDesignPatterns.csproj", "{1FE06239-76FD-4E31-A567-52993ED58FF7}"
EndProject
Project("{9A19103F-16F7-4668-BE54-9A1E7A4F7556}") = "Creational", "Creational\Creational.csproj", "{F5712739-4D1B-4B52-8D69-D670840E0CC0}"
EndProject
Project("{9A19103F-16F7-4668-BE54-9A1E7A4F7556}") = "DesignPatternTest", "DesignPatternTest\DesignPatternTest.csproj", "{AD8A1DA2-FE1A-4D9D-AA85-B8422AC10A84}"
EndProject
Project("{2150E333-8FDC-42A3-9474-1A3956D46DE8}") = "src", "src", "{F9F6D044-28D0-4458-BB41-79B329A6ED63}"
EndProject
Project("{2150E333-8FDC-42A3-9474-1A3956D46DE8}") = "LearnLinq", "LearnLinq", "{F9788141-B90A-4CDE-85FB-D46CCE13F281}"
	ProjectSection(SolutionItems) = preProject
		Linq.txt = Linq.txt
	EndProjectSection
EndProject
Project("{9A19103F-16F7-4668-BE54-9A1E7A4F7556}") = "LinqProcess", "LinqProcess\LinqProcess.csproj", "{5ECBF443-2259-4F61-AB28-D2306023D24F}"
EndProject
Project("{9A19103F-16F7-4668-BE54-9A1E7A4F7556}") = "LinqProcessTest", "LinqProcessTest\LinqProcessTest.csproj", "{740DD51F-2DD4-4965-B9F9-FE59C1868FEF}"
EndProject
Project("{2150E333-8FDC-42A3-9474-1A3956D46DE8}") = "FunTest", "FunTest", "{4F151EB6-104C-4CA8-B6E3-434CA61CEE88}"
EndProject
Project("{9A19103F-16F7-4668-BE54-9A1E7A4F7556}") = "FunTesting", "FunTesting\FunTesting.csproj", "{DE647714-1DC2-4402-8DED-12EEDFB7571D}"
EndProject
Project("{2150E333-8FDC-42A3-9474-1A3956D46DE8}") = "Structural", "Structural", "{0586DEDF-335B-43DF-8D16-D62E150E9B95}"
EndProject
Project("{9A19103F-16F7-4668-BE54-9A1E7A4F7556}") = "Decorator", "Decorator\Decorator.csproj", "{2DF88F80-37F5-458B-B9B6-E8F45916B6DB}"
EndProject
Project("{9A19103F-16F7-4668-BE54-9A1E7A4F7556}") = "Decorator.Test", "Decorator.Test\Decorator.Test.csproj", "{6D111ECF-1DBA-486F-A1C1-BC00A01A9F0E}"
EndProject
Project("{9A19103F-16F7-4668-BE54-9A1E7A4F7556}") = "DecoratorStart", "DecoratorStart\DecoratorStart.csproj", "{AD69D5AF-EE30-4F70-BE26-2A6352E72094}"
EndProject
Project("{2150E333-8FDC-42A3-9474-1A3956D46DE8}") = "SOLID", "SOLID", "{43ED42C2-5E86-4B44-8DC8-B8DCA5A7CD6C}"
EndProject
Project("{9A19103F-16F7-4668-BE54-9A1E7A4F7556}") = "LiskovSubstitutionPrinciple", "LiskovSubstitutionPrinciple\LiskovSubstitutionPrinciple.csproj", "{2D4BC75A-18A0-4C18-BAFD-9BDC5568122F}"
EndProject
Project("{2150E333-8FDC-42A3-9474-1A3956D46DE8}") = "CSharpKeywords", "CSharpKeywords", "{AAD1C154-5BEC-47A6-A1EB-070CE031FCF8}"
EndProject
Project("{FAE04EC0-301F-11D3-BF4B-00C04F79EFBC}") = "BasicStartup", "BasicStartup\BasicStartup.csproj", "{2C50074A-51E4-4B4A-98CC-10DD42E8B49C}"
EndProject
Global
	GlobalSection(SolutionConfigurationPlatforms) = preSolution
		Debug|Any CPU = Debug|Any CPU
		Release|Any CPU = Release|Any CPU
	EndGlobalSection
	GlobalSection(ProjectConfigurationPlatforms) = postSolution
		{1FE06239-76FD-4E31-A567-52993ED58FF7}.Debug|Any CPU.ActiveCfg = Debug|Any CPU
		{1FE06239-76FD-4E31-A567-52993ED58FF7}.Debug|Any CPU.Build.0 = Debug|Any CPU
		{1FE06239-76FD-4E31-A567-52993ED58FF7}.Release|Any CPU.ActiveCfg = Release|Any CPU
		{1FE06239-76FD-4E31-A567-52993ED58FF7}.Release|Any CPU.Build.0 = Release|Any CPU
		{F5712739-4D1B-4B52-8D69-D670840E0CC0}.Debug|Any CPU.ActiveCfg = Debug|Any CPU
		{F5712739-4D1B-4B52-8D69-D670840E0CC0}.Debug|Any CPU.Build.0 = Debug|Any CPU
		{F5712739-4D1B-4B52-8D69-D670840E0CC0}.Release|Any CPU.ActiveCfg = Release|Any CPU
		{F5712739-4D1B-4B52-8D69-D670840E0CC0}.Release|Any CPU.Build.0 = Release|Any CPU
		{AD8A1DA2-FE1A-4D9D-AA85-B8422AC10A84}.Debug|Any CPU.ActiveCfg = Debug|Any CPU
		{AD8A1DA2-FE1A-4D9D-AA85-B8422AC10A84}.Debug|Any CPU.Build.0 = Debug|Any CPU
		{AD8A1DA2-FE1A-4D9D-AA85-B8422AC10A84}.Release|Any CPU.ActiveCfg = Release|Any CPU
		{AD8A1DA2-FE1A-4D9D-AA85-B8422AC10A84}.Release|Any CPU.Build.0 = Release|Any CPU
		{5ECBF443-2259-4F61-AB28-D2306023D24F}.Debug|Any CPU.ActiveCfg = Debug|Any CPU
		{5ECBF443-2259-4F61-AB28-D2306023D24F}.Debug|Any CPU.Build.0 = Debug|Any CPU
		{5ECBF443-2259-4F61-AB28-D2306023D24F}.Release|Any CPU.ActiveCfg = Release|Any CPU
		{5ECBF443-2259-4F61-AB28-D2306023D24F}.Release|Any CPU.Build.0 = Release|Any CPU
		{740DD51F-2DD4-4965-B9F9-FE59C1868FEF}.Debug|Any CPU.ActiveCfg = Debug|Any CPU
		{740DD51F-2DD4-4965-B9F9-FE59C1868FEF}.Debug|Any CPU.Build.0 = Debug|Any CPU
		{740DD51F-2DD4-4965-B9F9-FE59C1868FEF}.Release|Any CPU.ActiveCfg = Release|Any CPU
		{740DD51F-2DD4-4965-B9F9-FE59C1868FEF}.Release|Any CPU.Build.0 = Release|Any CPU
		{DE647714-1DC2-4402-8DED-12EEDFB7571D}.Debug|Any CPU.ActiveCfg = Debug|Any CPU
		{DE647714-1DC2-4402-8DED-12EEDFB7571D}.Debug|Any CPU.Build.0 = Debug|Any CPU
		{DE647714-1DC2-4402-8DED-12EEDFB7571D}.Release|Any CPU.ActiveCfg = Release|Any CPU
		{DE647714-1DC2-4402-8DED-12EEDFB7571D}.Release|Any CPU.Build.0 = Release|Any CPU
		{2DF88F80-37F5-458B-B9B6-E8F45916B6DB}.Debug|Any CPU.ActiveCfg = Debug|Any CPU
		{2DF88F80-37F5-458B-B9B6-E8F45916B6DB}.Debug|Any CPU.Build.0 = Debug|Any CPU
		{2DF88F80-37F5-458B-B9B6-E8F45916B6DB}.Release|Any CPU.ActiveCfg = Release|Any CPU
		{2DF88F80-37F5-458B-B9B6-E8F45916B6DB}.Release|Any CPU.Build.0 = Release|Any CPU
		{6D111ECF-1DBA-486F-A1C1-BC00A01A9F0E}.Debug|Any CPU.ActiveCfg = Debug|Any CPU
		{6D111ECF-1DBA-486F-A1C1-BC00A01A9F0E}.Debug|Any CPU.Build.0 = Debug|Any CPU
		{6D111ECF-1DBA-486F-A1C1-BC00A01A9F0E}.Release|Any CPU.ActiveCfg = Release|Any CPU
		{6D111ECF-1DBA-486F-A1C1-BC00A01A9F0E}.Release|Any CPU.Build.0 = Release|Any CPU
		{AD69D5AF-EE30-4F70-BE26-2A6352E72094}.Debug|Any CPU.ActiveCfg = Debug|Any CPU
		{AD69D5AF-EE30-4F70-BE26-2A6352E72094}.Debug|Any CPU.Build.0 = Debug|Any CPU
		{AD69D5AF-EE30-4F70-BE26-2A6352E72094}.Release|Any CPU.ActiveCfg = Release|Any CPU
		{AD69D5AF-EE30-4F70-BE26-2A6352E72094}.Release|Any CPU.Build.0 = Release|Any CPU
		{2D4BC75A-18A0-4C18-BAFD-9BDC5568122F}.Debug|Any CPU.ActiveCfg = Debug|Any CPU
		{2D4BC75A-18A0-4C18-BAFD-9BDC5568122F}.Debug|Any CPU.Build.0 = Debug|Any CPU
		{2D4BC75A-18A0-4C18-BAFD-9BDC5568122F}.Release|Any CPU.ActiveCfg = Release|Any CPU
		{2D4BC75A-18A0-4C18-BAFD-9BDC5568122F}.Release|Any CPU.Build.0 = Release|Any CPU
		{2C50074A-51E4-4B4A-98CC-10DD42E8B49C}.Debug|Any CPU.ActiveCfg = Debug|Any CPU
		{2C50074A-51E4-4B4A-98CC-10DD42E8B49C}.Debug|Any CPU.Build.0 = Debug|Any CPU
		{2C50074A-51E4-4B4A-98CC-10DD42E8B49C}.Release|Any CPU.ActiveCfg = Release|Any CPU
		{2C50074A-51E4-4B4A-98CC-10DD42E8B49C}.Release|Any CPU.Build.0 = Release|Any CPU
	EndGlobalSection
	GlobalSection(SolutionProperties) = preSolution
		HideSolutionNode = FALSE
	EndGlobalSection
	GlobalSection(NestedProjects) = preSolution
		{F9788141-B90A-4CDE-85FB-D46CCE13F281} = {F9F6D044-28D0-4458-BB41-79B329A6ED63}
		{5ECBF443-2259-4F61-AB28-D2306023D24F} = {F9788141-B90A-4CDE-85FB-D46CCE13F281}
		{740DD51F-2DD4-4965-B9F9-FE59C1868FEF} = {F9788141-B90A-4CDE-85FB-D46CCE13F281}
		{4F151EB6-104C-4CA8-B6E3-434CA61CEE88} = {F9F6D044-28D0-4458-BB41-79B329A6ED63}
		{DE647714-1DC2-4402-8DED-12EEDFB7571D} = {4F151EB6-104C-4CA8-B6E3-434CA61CEE88}
		{0586DEDF-335B-43DF-8D16-D62E150E9B95} = {F9F6D044-28D0-4458-BB41-79B329A6ED63}
		{2DF88F80-37F5-458B-B9B6-E8F45916B6DB} = {0586DEDF-335B-43DF-8D16-D62E150E9B95}
		{6D111ECF-1DBA-486F-A1C1-BC00A01A9F0E} = {0586DEDF-335B-43DF-8D16-D62E150E9B95}
		{AD69D5AF-EE30-4F70-BE26-2A6352E72094} = {0586DEDF-335B-43DF-8D16-D62E150E9B95}
		{43ED42C2-5E86-4B44-8DC8-B8DCA5A7CD6C} = {F9F6D044-28D0-4458-BB41-79B329A6ED63}
		{2D4BC75A-18A0-4C18-BAFD-9BDC5568122F} = {43ED42C2-5E86-4B44-8DC8-B8DCA5A7CD6C}
		{AAD1C154-5BEC-47A6-A1EB-070CE031FCF8} = {F9F6D044-28D0-4458-BB41-79B329A6ED63}
		{2C50074A-51E4-4B4A-98CC-10DD42E8B49C} = {AAD1C154-5BEC-47A6-A1EB-070CE031FCF8}
	EndGlobalSection
	GlobalSection(ExtensibilityGlobals) = postSolution
		SolutionGuid = {6B6FA356-0A8C-4AD8-93D1-D852FDDD2646}
	EndGlobalSection
EndGlobal
